
Microsoft Visual Studio Solution File, Format Version 12.00
# Visual Studio Version 17
VisualStudioVersion = 17.4.33213.308
MinimumVisualStudioVersion = 10.0.40219.1
Project("{FAE04EC0-301F-11D3-BF4B-00C04F79EFBC}") = "Module18HW", "Module18HW\Module18HW.csproj", "{1F0DC9BF-B274-49CB-A6B4-508264955558}"
EndProject
Global
	GlobalSection(SolutionConfigurationPlatforms) = preSolution
		Debug|Any CPU = Debug|Any CPU
		Release|Any CPU = Release|Any CPU
	EndGlobalSection
	GlobalSection(ProjectConfigurationPlatforms) = postSolution
		{1F0DC9BF-B274-49CB-A6B4-508264955558}.Debug|Any CPU.ActiveCfg = Debug|Any CPU
		{1F0DC9BF-B274-49CB-A6B4-508264955558}.Debug|Any CPU.Build.0 = Debug|Any CPU
		{1F0DC9BF-B274-49CB-A6B4-508264955558}.Release|Any CPU.ActiveCfg = Release|Any CPU
		{1F0DC9BF-B274-49CB-A6B4-508264955558}.Release|Any CPU.Build.0 = Release|Any CPU
	EndGlobalSection
	GlobalSection(SolutionProperties) = preSolution
		HideSolutionNode = FALSE
	EndGlobalSection
	GlobalSection(ExtensibilityGlobals) = postSolution
		SolutionGuid = {3A565E35-AC9E-4DC2-B5D6-A10D6DDC3B36}
	EndGlobalSection
EndGlobal
